
Microsoft Visual Studio Solution File, Format Version 12.00
# Visual Studio 15
VisualStudioVersion = 15.0.26730.3
MinimumVisualStudioVersion = 10.0.40219.1
Project("{9A19103F-16F7-4668-BE54-9A1E7A4F7556}") = "biblefunctions", "biblefunctions.csproj", "{3918255E-748F-46F4-BC85-264126457BEC}"
EndProject
Global
	GlobalSection(SolutionConfigurationPlatforms) = preSolution
		Debug|Any CPU = Debug|Any CPU
		Release|Any CPU = Release|Any CPU
	EndGlobalSection
	GlobalSection(ProjectConfigurationPlatforms) = postSolution
		{3918255E-748F-46F4-BC85-264126457BEC}.Debug|Any CPU.ActiveCfg = Debug|Any CPU
		{3918255E-748F-46F4-BC85-264126457BEC}.Debug|Any CPU.Build.0 = Debug|Any CPU
		{3918255E-748F-46F4-BC85-264126457BEC}.Release|Any CPU.ActiveCfg = Release|Any CPU
		{3918255E-748F-46F4-BC85-264126457BEC}.Release|Any CPU.Build.0 = Release|Any CPU
	EndGlobalSection
	GlobalSection(SolutionProperties) = preSolution
		HideSolutionNode = FALSE
	EndGlobalSection
	GlobalSection(ExtensibilityGlobals) = postSolution
		SolutionGuid = {E6FF7057-4CC7-48F3-9BBE-C25A5E227746}
	EndGlobalSection
EndGlobal
